
Microsoft Visual Studio Solution File, Format Version 12.00
# Visual Studio Version 17
VisualStudioVersion = 17.9.34616.47
MinimumVisualStudioVersion = 10.0.40219.1
Project("{FAE04EC0-301F-11D3-BF4B-00C04F79EFBC}") = "TDDPractice", "TDDPractice\TDDPractice.csproj", "{B8CD3F16-6208-4B4C-921D-03E792B99CF8}"
EndProject
Project("{FAE04EC0-301F-11D3-BF4B-00C04F79EFBC}") = "TDDPractice.UnitTests", "TDDPractice.UnitTests\TDDPractice.UnitTests.csproj", "{8D242BC2-C272-4FC5-9063-F424DB59FE4D}"
EndProject
Global
	GlobalSection(SolutionConfigurationPlatforms) = preSolution
		Debug|Any CPU = Debug|Any CPU
		Release|Any CPU = Release|Any CPU
	EndGlobalSection
	GlobalSection(ProjectConfigurationPlatforms) = postSolution
		{B8CD3F16-6208-4B4C-921D-03E792B99CF8}.Debug|Any CPU.ActiveCfg = Debug|Any CPU
		{B8CD3F16-6208-4B4C-921D-03E792B99CF8}.Debug|Any CPU.Build.0 = Debug|Any CPU
		{B8CD3F16-6208-4B4C-921D-03E792B99CF8}.Release|Any CPU.ActiveCfg = Release|Any CPU
		{B8CD3F16-6208-4B4C-921D-03E792B99CF8}.Release|Any CPU.Build.0 = Release|Any CPU
		{8D242BC2-C272-4FC5-9063-F424DB59FE4D}.Debug|Any CPU.ActiveCfg = Debug|Any CPU
		{8D242BC2-C272-4FC5-9063-F424DB59FE4D}.Debug|Any CPU.Build.0 = Debug|Any CPU
		{8D242BC2-C272-4FC5-9063-F424DB59FE4D}.Release|Any CPU.ActiveCfg = Release|Any CPU
		{8D242BC2-C272-4FC5-9063-F424DB59FE4D}.Release|Any CPU.Build.0 = Release|Any CPU
	EndGlobalSection
	GlobalSection(SolutionProperties) = preSolution
		HideSolutionNode = FALSE
	EndGlobalSection
	GlobalSection(ExtensibilityGlobals) = postSolution
		SolutionGuid = {062278B0-CE3A-423B-A8E5-7962A1B16722}
	EndGlobalSection
EndGlobal
